
Microsoft Visual Studio Solution File, Format Version 12.00
# Visual Studio Version 17
VisualStudioVersion = 17.11.34909.67
MinimumVisualStudioVersion = 10.0.40219.1
Project("{FAE04EC0-301F-11D3-BF4B-00C04F79EFBC}") = "AvaloniaNavigationFramework", "AvaloniaNavigationFramework\AvaloniaNavigationFramework.csproj", "{A89CCB21-EE1B-4EEE-8806-2D48709318A7}"
EndProject
Global
	GlobalSection(SolutionConfigurationPlatforms) = preSolution
		Debug|Any CPU = Debug|Any CPU
		Release|Any CPU = Release|Any CPU
	EndGlobalSection
	GlobalSection(ProjectConfigurationPlatforms) = postSolution
		{A89CCB21-EE1B-4EEE-8806-2D48709318A7}.Debug|Any CPU.ActiveCfg = Debug|Any CPU
		{A89CCB21-EE1B-4EEE-8806-2D48709318A7}.Debug|Any CPU.Build.0 = Debug|Any CPU
		{A89CCB21-EE1B-4EEE-8806-2D48709318A7}.Release|Any CPU.ActiveCfg = Release|Any CPU
		{A89CCB21-EE1B-4EEE-8806-2D48709318A7}.Release|Any CPU.Build.0 = Release|Any CPU
	EndGlobalSection
	GlobalSection(SolutionProperties) = preSolution
		HideSolutionNode = FALSE
	EndGlobalSection
	GlobalSection(ExtensibilityGlobals) = postSolution
		SolutionGuid = {759F5CBD-F727-448C-8F48-AED171AF8987}
	EndGlobalSection
EndGlobal
